
Microsoft Visual Studio Solution File, Format Version 12.00
# Visual Studio Version 16
VisualStudioVersion = 16.0.29326.143
MinimumVisualStudioVersion = 10.0.40219.1
Project("{FAE04EC0-301F-11D3-BF4B-00C04F79EFBC}") = "Lab10", "Lab10\Lab10.csproj", "{508E0B78-074E-465A-ABB1-091E3C9281A7}"
EndProject
Global
	GlobalSection(SolutionConfigurationPlatforms) = preSolution
		Debug|Any CPU = Debug|Any CPU
		Release|Any CPU = Release|Any CPU
	EndGlobalSection
	GlobalSection(ProjectConfigurationPlatforms) = postSolution
		{508E0B78-074E-465A-ABB1-091E3C9281A7}.Debug|Any CPU.ActiveCfg = Debug|Any CPU
		{508E0B78-074E-465A-ABB1-091E3C9281A7}.Debug|Any CPU.Build.0 = Debug|Any CPU
		{508E0B78-074E-465A-ABB1-091E3C9281A7}.Release|Any CPU.ActiveCfg = Release|Any CPU
		{508E0B78-074E-465A-ABB1-091E3C9281A7}.Release|Any CPU.Build.0 = Release|Any CPU
	EndGlobalSection
	GlobalSection(SolutionProperties) = preSolution
		HideSolutionNode = FALSE
	EndGlobalSection
	GlobalSection(ExtensibilityGlobals) = postSolution
		SolutionGuid = {6F709729-8546-4BFF-94F8-2BADD3B26AEE}
	EndGlobalSection
EndGlobal
