
Microsoft Visual Studio Solution File, Format Version 12.00
# Visual Studio Version 16
VisualStudioVersion = 16.0.29911.84
MinimumVisualStudioVersion = 10.0.40219.1
Project("{FAE04EC0-301F-11D3-BF4B-00C04F79EFBC}") = "Curves_task", "Curves_task\Curves_task.csproj", "{CF44E7F7-30E4-40D5-9F53-1CADE26D2503}"
EndProject
Global
	GlobalSection(SolutionConfigurationPlatforms) = preSolution
		Debug|Any CPU = Debug|Any CPU
		Release|Any CPU = Release|Any CPU
	EndGlobalSection
	GlobalSection(ProjectConfigurationPlatforms) = postSolution
		{CF44E7F7-30E4-40D5-9F53-1CADE26D2503}.Debug|Any CPU.ActiveCfg = Debug|Any CPU
		{CF44E7F7-30E4-40D5-9F53-1CADE26D2503}.Debug|Any CPU.Build.0 = Debug|Any CPU
		{CF44E7F7-30E4-40D5-9F53-1CADE26D2503}.Release|Any CPU.ActiveCfg = Release|Any CPU
		{CF44E7F7-30E4-40D5-9F53-1CADE26D2503}.Release|Any CPU.Build.0 = Release|Any CPU
	EndGlobalSection
	GlobalSection(SolutionProperties) = preSolution
		HideSolutionNode = FALSE
	EndGlobalSection
	GlobalSection(ExtensibilityGlobals) = postSolution
		SolutionGuid = {0D5B6FEE-E59C-4738-97BB-20A796F79776}
	EndGlobalSection
EndGlobal
