
Microsoft Visual Studio Solution File, Format Version 12.00
# Visual Studio Version 16
VisualStudioVersion = 16.0.29215.179
MinimumVisualStudioVersion = 10.0.40219.1
Project("{FAE04EC0-301F-11D3-BF4B-00C04F79EFBC}") = "Lab 4.21", "Lab 4.21\Lab 4.21.csproj", "{C0B255D6-1173-4300-9795-FCBF5EC22DDF}"
EndProject
Global
	GlobalSection(SolutionConfigurationPlatforms) = preSolution
		Debug|Any CPU = Debug|Any CPU
		Release|Any CPU = Release|Any CPU
	EndGlobalSection
	GlobalSection(ProjectConfigurationPlatforms) = postSolution
		{C0B255D6-1173-4300-9795-FCBF5EC22DDF}.Debug|Any CPU.ActiveCfg = Debug|Any CPU
		{C0B255D6-1173-4300-9795-FCBF5EC22DDF}.Debug|Any CPU.Build.0 = Debug|Any CPU
		{C0B255D6-1173-4300-9795-FCBF5EC22DDF}.Release|Any CPU.ActiveCfg = Release|Any CPU
		{C0B255D6-1173-4300-9795-FCBF5EC22DDF}.Release|Any CPU.Build.0 = Release|Any CPU
	EndGlobalSection
	GlobalSection(SolutionProperties) = preSolution
		HideSolutionNode = FALSE
	EndGlobalSection
	GlobalSection(ExtensibilityGlobals) = postSolution
		SolutionGuid = {1A076161-1F17-468E-B106-2233DFA6C731}
	EndGlobalSection
EndGlobal
