
Microsoft Visual Studio Solution File, Format Version 12.00
# Visual Studio Version 16
VisualStudioVersion = 16.0.29911.84
MinimumVisualStudioVersion = 10.0.40219.1
Project("{FAE04EC0-301F-11D3-BF4B-00C04F79EFBC}") = "TikTacToe", "TikTacToe\TikTacToe.csproj", "{9F4F5071-F3DB-4AF4-8B84-9725A51508F7}"
EndProject
Global
	GlobalSection(SolutionConfigurationPlatforms) = preSolution
		Debug|Any CPU = Debug|Any CPU
		Release|Any CPU = Release|Any CPU
	EndGlobalSection
	GlobalSection(ProjectConfigurationPlatforms) = postSolution
		{9F4F5071-F3DB-4AF4-8B84-9725A51508F7}.Debug|Any CPU.ActiveCfg = Debug|Any CPU
		{9F4F5071-F3DB-4AF4-8B84-9725A51508F7}.Debug|Any CPU.Build.0 = Debug|Any CPU
		{9F4F5071-F3DB-4AF4-8B84-9725A51508F7}.Release|Any CPU.ActiveCfg = Release|Any CPU
		{9F4F5071-F3DB-4AF4-8B84-9725A51508F7}.Release|Any CPU.Build.0 = Release|Any CPU
	EndGlobalSection
	GlobalSection(SolutionProperties) = preSolution
		HideSolutionNode = FALSE
	EndGlobalSection
	GlobalSection(ExtensibilityGlobals) = postSolution
		SolutionGuid = {FCCC41AC-1801-4B87-85F1-B87F1092BFAF}
	EndGlobalSection
EndGlobal
