
Microsoft Visual Studio Solution File, Format Version 12.00
# Visual Studio Version 16
VisualStudioVersion = 16.0.29911.84
MinimumVisualStudioVersion = 10.0.40219.1
Project("{FAE04EC0-301F-11D3-BF4B-00C04F79EFBC}") = "Quiz_task", "Quiz_task\Quiz_task.csproj", "{22169D9C-8AFE-4C85-8C68-DA795BA345BC}"
EndProject
Global
	GlobalSection(SolutionConfigurationPlatforms) = preSolution
		Debug|Any CPU = Debug|Any CPU
		Release|Any CPU = Release|Any CPU
	EndGlobalSection
	GlobalSection(ProjectConfigurationPlatforms) = postSolution
		{22169D9C-8AFE-4C85-8C68-DA795BA345BC}.Debug|Any CPU.ActiveCfg = Debug|Any CPU
		{22169D9C-8AFE-4C85-8C68-DA795BA345BC}.Debug|Any CPU.Build.0 = Debug|Any CPU
		{22169D9C-8AFE-4C85-8C68-DA795BA345BC}.Release|Any CPU.ActiveCfg = Release|Any CPU
		{22169D9C-8AFE-4C85-8C68-DA795BA345BC}.Release|Any CPU.Build.0 = Release|Any CPU
	EndGlobalSection
	GlobalSection(SolutionProperties) = preSolution
		HideSolutionNode = FALSE
	EndGlobalSection
	GlobalSection(ExtensibilityGlobals) = postSolution
		SolutionGuid = {561B2793-F155-4C0E-B2A7-1A9C6FD828F7}
	EndGlobalSection
EndGlobal
